// !$*UTF8*$!
{
	archiveVersion = 1;
	classes = {
	};
	objectVersion = 46;
	objects = {

/* Begin PBXBuildFile section */
		1F4F44071DC6E64700290C45 /* AppDelegate.swift in Sources */ = {isa = PBXBuildFile; fileRef = 1F4F44061DC6E64700290C45 /* AppDelegate.swift */; };
		1F4F44091DC6E64700290C45 /* ViewController.swift in Sources */ = {isa = PBXBuildFile; fileRef = 1F4F44081DC6E64700290C45 /* ViewController.swift */; };
		1F4F440C1DC6E64700290C45 /* Main.storyboard in Resources */ = {isa = PBXBuildFile; fileRef = 1F4F440A1DC6E64700290C45 /* Main.storyboard */; };
		1F4F440E1DC6E64700290C45 /* Assets.xcassets in Resources */ = {isa = PBXBuildFile; fileRef = 1F4F440D1DC6E64700290C45 /* Assets.xcassets */; };
		1F4F44111DC6E64700290C45 /* LaunchScreen.storyboard in Resources */ = {isa = PBXBuildFile; fileRef = 1F4F440F1DC6E64700290C45 /* LaunchScreen.storyboard */; };
		1F4F441C1DC6E64700290C45 /* ReproductorMusicaTests.swift in Sources */ = {isa = PBXBuildFile; fileRef = 1F4F441B1DC6E64700290C45 /* ReproductorMusicaTests.swift */; };
		1F4F44271DC6E64700290C45 /* ReproductorMusicaUITests.swift in Sources */ = {isa = PBXBuildFile; fileRef = 1F4F44261DC6E64700290C45 /* ReproductorMusicaUITests.swift */; };
		1F4F44351DC6E8D000290C45 /* helloAdele.jpg in Resources */ = {isa = PBXBuildFile; fileRef = 1F4F44341DC6E8D000290C45 /* helloAdele.jpg */; };
		1F4F44371DC6E8DC00290C45 /* 01. Hello (mp3cut.net).mp3 in Resources */ = {isa = PBXBuildFile; fileRef = 1F4F44361DC6E8DC00290C45 /* 01. Hello (mp3cut.net).mp3 */; };
		1F4F44391DC6F76800290C45 /* play.jpg in Resources */ = {isa = PBXBuildFile; fileRef = 1F4F44381DC6F76800290C45 /* play.jpg */; };
		1F4F443B1DC6F78C00290C45 /* stop.jpg in Resources */ = {isa = PBXBuildFile; fileRef = 1F4F443A1DC6F78C00290C45 /* stop.jpg */; };
		1F4F443D1DC6F79500290C45 /* pausa.jpg in Resources */ = {isa = PBXBuildFile; fileRef = 1F4F443C1DC6F79500290C45 /* pausa.jpg */; };
		1F4F443F1DC6F7D200290C45 /* 01 - Waiting For Love (mp3cut.net).mp3 in Resources */ = {isa = PBXBuildFile; fileRef = 1F4F443E1DC6F7D200290C45 /* 01 - Waiting For Love (mp3cut.net).mp3 */; };
		1F4F44451DC6F8C400290C45 /* 01 Roar (mp3cut.net).mp3 in Resources */ = {isa = PBXBuildFile; fileRef = 1F4F44441DC6F8C400290C45 /* 01 Roar (mp3cut.net).mp3 */; };
		1F4F44471DC6FE7A00290C45 /* avicii.jpg in Resources */ = {isa = PBXBuildFile; fileRef = 1F4F44461DC6FE7A00290C45 /* avicii.jpg */; };
		1F4F44491DC6FE8000290C45 /* prism.jpg in Resources */ = {isa = PBXBuildFile; fileRef = 1F4F44481DC6FE8000290C45 /* prism.jpg */; };
/* End PBXBuildFile section */

/* Begin PBXContainerItemProxy section */
		1F4F44181DC6E64700290C45 /* PBXContainerItemProxy */ = {
			isa = PBXContainerItemProxy;
			containerPortal = 1F4F43FB1DC6E64600290C45 /* Project object */;
			proxyType = 1;
			remoteGlobalIDString = 1F4F44021DC6E64600290C45;
			remoteInfo = ReproductorMusica;
		};
		1F4F44231DC6E64700290C45 /* PBXContainerItemProxy */ = {
			isa = PBXContainerItemProxy;
			containerPortal = 1F4F43FB1DC6E64600290C45 /* Project object */;
			proxyType = 1;
			remoteGlobalIDString = 1F4F44021DC6E64600290C45;
			remoteInfo = ReproductorMusica;
		};
/* End PBXContainerItemProxy section */

/* Begin PBXFileReference section */
		1F4F44031DC6E64600290C45 /* ReproductorMusica.app */ = {isa = PBXFileReference; explicitFileType = wrapper.application; includeInIndex = 0; path = ReproductorMusica.app; sourceTree = BUILT_PRODUCTS_DIR; };
		1F4F44061DC6E64700290C45 /* AppDelegate.swift */ = {isa = PBXFileReference; lastKnownFileType = sourcecode.swift; path = AppDelegate.swift; sourceTree = "<group>"; };
		1F4F44081DC6E64700290C45 /* ViewController.swift */ = {isa = PBXFileReference; lastKnownFileType = sourcecode.swift; path = ViewController.swift; sourceTree = "<group>"; };
		1F4F440B1DC6E64700290C45 /* Base */ = {isa = PBXFileReference; lastKnownFileType = file.storyboard; name = Base; path = Base.lproj/Main.storyboard; sourceTree = "<group>"; };
		1F4F440D1DC6E64700290C45 /* Assets.xcassets */ = {isa = PBXFileReference; lastKnownFileType = folder.assetcatalog; path = Assets.xcassets; sourceTree = "<group>"; };
		1F4F44101DC6E64700290C45 /* Base */ = {isa = PBXFileReference; lastKnownFileType = file.storyboard; name = Base; path = Base.lproj/LaunchScreen.storyboard; sourceTree = "<group>"; };
		1F4F44121DC6E64700290C45 /* Info.plist */ = {isa = PBXFileReference; lastKnownFileType = text.plist.xml; path = Info.plist; sourceTree = "<group>"; };
		1F4F44171DC6E64700290C45 /* ReproductorMusicaTests.xctest */ = {isa = PBXFileReference; explicitFileType = wrapper.cfbundle; includeInIndex = 0; path = ReproductorMusicaTests.xctest; sourceTree = BUILT_PRODUCTS_DIR; };
		1F4F441B1DC6E64700290C45 /* ReproductorMusicaTests.swift */ = {isa = PBXFileReference; lastKnownFileType = sourcecode.swift; path = ReproductorMusicaTests.swift; sourceTree = "<group>"; };
		1F4F441D1DC6E64700290C45 /* Info.plist */ = {isa = PBXFileReference; lastKnownFileType = text.plist.xml; path = Info.plist; sourceTree = "<group>"; };
		1F4F44221DC6E64700290C45 /* ReproductorMusicaUITests.xctest */ = {isa = PBXFileReference; explicitFileType = wrapper.cfbundle; includeInIndex = 0; path = ReproductorMusicaUITests.xctest; sourceTree = BUILT_PRODUCTS_DIR; };
		1F4F44261DC6E64700290C45 /* ReproductorMusicaUITests.swift */ = {isa = PBXFileReference; lastKnownFileType = sourcecode.swift; path = ReproductorMusicaUITests.swift; sourceTree = "<group>"; };
		1F4F44281DC6E64700290C45 /* Info.plist */ = {isa = PBXFileReference; lastKnownFileType = text.plist.xml; path = Info.plist; sourceTree = "<group>"; };
		1F4F44341DC6E8D000290C45 /* helloAdele.jpg */ = {isa = PBXFileReference; lastKnownFileType = image.jpeg; path = helloAdele.jpg; sourceTree = "<group>"; };
		1F4F44361DC6E8DC00290C45 /* 01. Hello (mp3cut.net).mp3 */ = {isa = PBXFileReference; lastKnownFileType = audio.mp3; path = "01. Hello (mp3cut.net).mp3"; sourceTree = "<group>"; };
		1F4F44381DC6F76800290C45 /* play.jpg */ = {isa = PBXFileReference; lastKnownFileType = image.jpeg; path = play.jpg; sourceTree = "<group>"; };
		1F4F443A1DC6F78C00290C45 /* stop.jpg */ = {isa = PBXFileReference; lastKnownFileType = image.jpeg; path = stop.jpg; sourceTree = "<group>"; };
		1F4F443C1DC6F79500290C45 /* pausa.jpg */ = {isa = PBXFileReference; lastKnownFileType = image.jpeg; path = pausa.jpg; sourceTree = "<group>"; };
		1F4F443E1DC6F7D200290C45 /* 01 - Waiting For Love (mp3cut.net).mp3 */ = {isa = PBXFileReference; lastKnownFileType = audio.mp3; path = "01 - Waiting For Love (mp3cut.net).mp3"; sourceTree = "<group>"; };
		1F4F44441DC6F8C400290C45 /* 01 Roar (mp3cut.net).mp3 */ = {isa = PBXFileReference; lastKnownFileType = audio.mp3; path = "01 Roar (mp3cut.net).mp3"; sourceTree = "<group>"; };
		1F4F44461DC6FE7A00290C45 /* avicii.jpg */ = {isa = PBXFileReference; lastKnownFileType = image.jpeg; path = avicii.jpg; sourceTree = "<group>"; };
		1F4F44481DC6FE8000290C45 /* prism.jpg */ = {isa = PBXFileReference; lastKnownFileType = image.jpeg; path = prism.jpg; sourceTree = "<group>"; };
/* End PBXFileReference section */

/* Begin PBXFrameworksBuildPhase section */
		1F4F44001DC6E64600290C45 /* Frameworks */ = {
			isa = PBXFrameworksBuildPhase;
			buildActionMask = 2147483647;
			files = (
			);
			runOnlyForDeploymentPostprocessing = 0;
		};
		1F4F44141DC6E64700290C45 /* Frameworks */ = {
			isa = PBXFrameworksBuildPhase;
			buildActionMask = 2147483647;
			files = (
			);
			runOnlyForDeploymentPostprocessing = 0;
		};
		1F4F441F1DC6E64700290C45 /* Frameworks */ = {
			isa = PBXFrameworksBuildPhase;
			buildActionMask = 2147483647;
			files = (
			);
			runOnlyForDeploymentPostprocessing = 0;
		};
/* End PBXFrameworksBuildPhase section */

/* Begin PBXGroup section */
		1F4F43FA1DC6E64600290C45 = {
			isa = PBXGroup;
			children = (
				1F4F44051DC6E64600290C45 /* ReproductorMusica */,
				1F4F441A1DC6E64700290C45 /* ReproductorMusicaTests */,
				1F4F44251DC6E64700290C45 /* ReproductorMusicaUITests */,
				1F4F44041DC6E64600290C45 /* Products */,
			);
			sourceTree = "<group>";
		};
		1F4F44041DC6E64600290C45 /* Products */ = {
			isa = PBXGroup;
			children = (
				1F4F44031DC6E64600290C45 /* ReproductorMusica.app */,
				1F4F44171DC6E64700290C45 /* ReproductorMusicaTests.xctest */,
				1F4F44221DC6E64700290C45 /* ReproductorMusicaUITests.xctest */,
			);
			name = Products;
			sourceTree = "<group>";
		};
		1F4F44051DC6E64600290C45 /* ReproductorMusica */ = {
			isa = PBXGroup;
			children = (
				1F4F443E1DC6F7D200290C45 /* 01 - Waiting For Love (mp3cut.net).mp3 */,
				1F4F44441DC6F8C400290C45 /* 01 Roar (mp3cut.net).mp3 */,
				1F4F44481DC6FE8000290C45 /* prism.jpg */,
				1F4F44461DC6FE7A00290C45 /* avicii.jpg */,
				1F4F44341DC6E8D000290C45 /* helloAdele.jpg */,
				1F4F443A1DC6F78C00290C45 /* stop.jpg */,
				1F4F443C1DC6F79500290C45 /* pausa.jpg */,
				1F4F44381DC6F76800290C45 /* play.jpg */,
				1F4F44361DC6E8DC00290C45 /* 01. Hello (mp3cut.net).mp3 */,
				1F4F44061DC6E64700290C45 /* AppDelegate.swift */,
				1F4F44081DC6E64700290C45 /* ViewController.swift */,
				1F4F440A1DC6E64700290C45 /* Main.storyboard */,
				1F4F440D1DC6E64700290C45 /* Assets.xcassets */,
				1F4F440F1DC6E64700290C45 /* LaunchScreen.storyboard */,
				1F4F44121DC6E64700290C45 /* Info.plist */,
			);
			path = ReproductorMusica;
			sourceTree = "<group>";
		};
		1F4F441A1DC6E64700290C45 /* ReproductorMusicaTests */ = {
			isa = PBXGroup;
			children = (
				1F4F441B1DC6E64700290C45 /* ReproductorMusicaTests.swift */,
				1F4F441D1DC6E64700290C45 /* Info.plist */,
			);
			path = ReproductorMusicaTests;
			sourceTree = "<group>";
		};
		1F4F44251DC6E64700290C45 /* ReproductorMusicaUITests */ = {
			isa = PBXGroup;
			children = (
				1F4F44261DC6E64700290C45 /* ReproductorMusicaUITests.swift */,
				1F4F44281DC6E64700290C45 /* Info.plist */,
			);
			path = ReproductorMusicaUITests;
			sourceTree = "<group>";
		};
/* End PBXGroup section */

/* Begin PBXNativeTarget section */
		1F4F44021DC6E64600290C45 /* ReproductorMusica */ = {
			isa = PBXNativeTarget;
			buildConfigurationList = 1F4F442B1DC6E64700290C45 /* Build configuration list for PBXNativeTarget "ReproductorMusica" */;
			buildPhases = (
				1F4F43FF1DC6E64600290C45 /* Sources */,
				1F4F44001DC6E64600290C45 /* Frameworks */,
				1F4F44011DC6E64600290C45 /* Resources */,
			);
			buildRules = (
			);
			dependencies = (
			);
			name = ReproductorMusica;
			productName = ReproductorMusica;
			productReference = 1F4F44031DC6E64600290C45 /* ReproductorMusica.app */;
			productType = "com.apple.product-type.application";
		};
		1F4F44161DC6E64700290C45 /* ReproductorMusicaTests */ = {
			isa = PBXNativeTarget;
			buildConfigurationList = 1F4F442E1DC6E64700290C45 /* Build configuration list for PBXNativeTarget "ReproductorMusicaTests" */;
			buildPhases = (
				1F4F44131DC6E64700290C45 /* Sources */,
				1F4F44141DC6E64700290C45 /* Frameworks */,
				1F4F44151DC6E64700290C45 /* Resources */,
			);
			buildRules = (
			);
			dependencies = (
				1F4F44191DC6E64700290C45 /* PBXTargetDependency */,
			);
			name = ReproductorMusicaTests;
			productName = ReproductorMusicaTests;
			productReference = 1F4F44171DC6E64700290C45 /* ReproductorMusicaTests.xctest */;
			productType = "com.apple.product-type.bundle.unit-test";
		};
		1F4F44211DC6E64700290C45 /* ReproductorMusicaUITests */ = {
			isa = PBXNativeTarget;
			buildConfigurationList = 1F4F44311DC6E64700290C45 /* Build configuration list for PBXNativeTarget "ReproductorMusicaUITests" */;
			buildPhases = (
				1F4F441E1DC6E64700290C45 /* Sources */,
				1F4F441F1DC6E64700290C45 /* Frameworks */,
				1F4F44201DC6E64700290C45 /* Resources */,
			);
			buildRules = (
			);
			dependencies = (
				1F4F44241DC6E64700290C45 /* PBXTargetDependency */,
			);
			name = ReproductorMusicaUITests;
			productName = ReproductorMusicaUITests;
			productReference = 1F4F44221DC6E64700290C45 /* ReproductorMusicaUITests.xctest */;
			productType = "com.apple.product-type.bundle.ui-testing";
		};
/* End PBXNativeTarget section */

/* Begin PBXProject section */
		1F4F43FB1DC6E64600290C45 /* Project object */ = {
			isa = PBXProject;
			attributes = {
				LastSwiftUpdateCheck = 0800;
				LastUpgradeCheck = 0800;
				ORGANIZATIONNAME = "Cecilia de la Paz Villarreal Cavazos";
				TargetAttributes = {
					1F4F44021DC6E64600290C45 = {
						CreatedOnToolsVersion = 8.0;
						ProvisioningStyle = Automatic;
					};
					1F4F44161DC6E64700290C45 = {
						CreatedOnToolsVersion = 8.0;
						ProvisioningStyle = Automatic;
						TestTargetID = 1F4F44021DC6E64600290C45;
					};
					1F4F44211DC6E64700290C45 = {
						CreatedOnToolsVersion = 8.0;
						ProvisioningStyle = Automatic;
						TestTargetID = 1F4F44021DC6E64600290C45;
					};
				};
			};
			buildConfigurationList = 1F4F43FE1DC6E64600290C45 /* Build configuration list for PBXProject "ReproductorMusica" */;
			compatibilityVersion = "Xcode 3.2";
			developmentRegion = English;
			hasScannedForEncodings = 0;
			knownRegions = (
				en,
				Base,
			);
			mainGroup = 1F4F43FA1DC6E64600290C45;
			productRefGroup = 1F4F44041DC6E64600290C45 /* Products */;
			projectDirPath = "";
			projectRoot = "";
			targets = (
				1F4F44021DC6E64600290C45 /* ReproductorMusica */,
				1F4F44161DC6E64700290C45 /* ReproductorMusicaTests */,
				1F4F44211DC6E64700290C45 /* ReproductorMusicaUITests */,
			);
		};
/* End PBXProject section */

/* Begin PBXResourcesBuildPhase section */
		1F4F44011DC6E64600290C45 /* Resources */ = {
			isa = PBXResourcesBuildPhase;
			buildActionMask = 2147483647;
			files = (
				1F4F44351DC6E8D000290C45 /* helloAdele.jpg in Resources */,
				1F4F44451DC6F8C400290C45 /* 01 Roar (mp3cut.net).mp3 in Resources */,
				1F4F44391DC6F76800290C45 /* play.jpg in Resources */,
				1F4F443D1DC6F79500290C45 /* pausa.jpg in Resources */,
				1F4F44371DC6E8DC00290C45 /* 01. Hello (mp3cut.net).mp3 in Resources */,
				1F4F443B1DC6F78C00290C45 /* stop.jpg in Resources */,
				1F4F443F1DC6F7D200290C45 /* 01 - Waiting For Love (mp3cut.net).mp3 in Resources */,
				1F4F44111DC6E64700290C45 /* LaunchScreen.storyboard in Resources */,
				1F4F440E1DC6E64700290C45 /* Assets.xcassets in Resources */,
				1F4F44471DC6FE7A00290C45 /* avicii.jpg in Resources */,
				1F4F440C1DC6E64700290C45 /* Main.storyboard in Resources */,
				1F4F44491DC6FE8000290C45 /* prism.jpg in Resources */,
			);
			runOnlyForDeploymentPostprocessing = 0;
		};
		1F4F44151DC6E64700290C45 /* Resources */ = {
			isa = PBXResourcesBuildPhase;
			buildActionMask = 2147483647;
			files = (
			);
			runOnlyForDeploymentPostprocessing = 0;
		};
		1F4F44201DC6E64700290C45 /* Resources */ = {
			isa = PBXResourcesBuildPhase;
			buildActionMask = 2147483647;
			files = (
			);
			runOnlyForDeploymentPostprocessing = 0;
		};
/* End PBXResourcesBuildPhase section */

/* Begin PBXSourcesBuildPhase section */
		1F4F43FF1DC6E64600290C45 /* Sources */ = {
			isa = PBXSourcesBuildPhase;
			buildActionMask = 2147483647;
			files = (
				1F4F44091DC6E64700290C45 /* ViewController.swift in Sources */,
				1F4F44071DC6E64700290C45 /* AppDelegate.swift in Sources */,
			);
			runOnlyForDeploymentPostprocessing = 0;
		};
		1F4F44131DC6E64700290C45 /* Sources */ = {
			isa = PBXSourcesBuildPhase;
			buildActionMask = 2147483647;
			files = (
				1F4F441C1DC6E64700290C45 /* ReproductorMusicaTests.swift in Sources */,
			);
			runOnlyForDeploymentPostprocessing = 0;
		};
		1F4F441E1DC6E64700290C45 /* Sources */ = {
			isa = PBXSourcesBuildPhase;
			buildActionMask = 2147483647;
			files = (
				1F4F44271DC6E64700290C45 /* ReproductorMusicaUITests.swift in Sources */,
			);
			runOnlyForDeploymentPostprocessing = 0;
		};
/* End PBXSourcesBuildPhase section */

/* Begin PBXTargetDependency section */
		1F4F44191DC6E64700290C45 /* PBXTargetDependency */ = {
			isa = PBXTargetDependency;
			target = 1F4F44021DC6E64600290C45 /* ReproductorMusica */;
			targetProxy = 1F4F44181DC6E64700290C45 /* PBXContainerItemProxy */;
		};
		1F4F44241DC6E64700290C45 /* PBXTargetDependency */ = {
			isa = PBXTargetDependency;
			target = 1F4F44021DC6E64600290C45 /* ReproductorMusica */;
			targetProxy = 1F4F44231DC6E64700290C45 /* PBXContainerItemProxy */;
		};
/* End PBXTargetDependency section */

/* Begin PBXVariantGroup section */
		1F4F440A1DC6E64700290C45 /* Main.storyboard */ = {
			isa = PBXVariantGroup;
			children = (
				1F4F440B1DC6E64700290C45 /* Base */,
			);
			name = Main.storyboard;
			sourceTree = "<group>";
		};
		1F4F440F1DC6E64700290C45 /* LaunchScreen.storyboard */ = {
			isa = PBXVariantGroup;
			children = (
				1F4F44101DC6E64700290C45 /* Base */,
			);
			name = LaunchScreen.storyboard;
			sourceTree = "<group>";
		};
/* End PBXVariantGroup section */

/* Begin XCBuildConfiguration section */
		1F4F44291DC6E64700290C45 /* Debug */ = {
			isa = XCBuildConfiguration;
			buildSettings = {
				ALWAYS_SEARCH_USER_PATHS = NO;
				CLANG_ANALYZER_NONNULL = YES;
				CLANG_CXX_LANGUAGE_STANDARD = "gnu++0x";
				CLANG_CXX_LIBRARY = "libc++";
				CLANG_ENABLE_MODULES = YES;
				CLANG_ENABLE_OBJC_ARC = YES;
				CLANG_WARN_BOOL_CONVERSION = YES;
				CLANG_WARN_CONSTANT_CONVERSION = YES;
				CLANG_WARN_DIRECT_OBJC_ISA_USAGE = YES_ERROR;
				CLANG_WARN_DOCUMENTATION_COMMENTS = YES;
				CLANG_WARN_EMPTY_BODY = YES;
				CLANG_WARN_ENUM_CONVERSION = YES;
				CLANG_WARN_INFINITE_RECURSION = YES;
				CLANG_WARN_INT_CONVERSION = YES;
				CLANG_WARN_OBJC_ROOT_CLASS = YES_ERROR;
				CLANG_WARN_SUSPICIOUS_MOVES = YES;
				CLANG_WARN_UNREACHABLE_CODE = YES;
				CLANG_WARN__DUPLICATE_METHOD_MATCH = YES;
				"CODE_SIGN_IDENTITY[sdk=iphoneos*]" = "iPhone Developer";
				COPY_PHASE_STRIP = NO;
				DEBUG_INFORMATION_FORMAT = dwarf;
				ENABLE_STRICT_OBJC_MSGSEND = YES;
				ENABLE_TESTABILITY = YES;
				GCC_C_LANGUAGE_STANDARD = gnu99;
				GCC_DYNAMIC_NO_PIC = NO;
				GCC_NO_COMMON_BLOCKS = YES;
				GCC_OPTIMIZATION_LEVEL = 0;
				GCC_PREPROCESSOR_DEFINITIONS = (
					"DEBUG=1",
					"$(inherited)",
				);
				GCC_WARN_64_TO_32_BIT_CONVERSION = YES;
				GCC_WARN_ABOUT_RETURN_TYPE = YES_ERROR;
				GCC_WARN_UNDECLARED_SELECTOR = YES;
				GCC_WARN_UNINITIALIZED_AUTOS = YES_AGGRESSIVE;
				GCC_WARN_UNUSED_FUNCTION = YES;
				GCC_WARN_UNUSED_VARIABLE = YES;
				IPHONEOS_DEPLOYMENT_TARGET = 10.0;
				MTL_ENABLE_DEBUG_INFO = YES;
				ONLY_ACTIVE_ARCH = YES;
				SDKROOT = iphoneos;
				SWIFT_ACTIVE_COMPILATION_CONDITIONS = DEBUG;
				SWIFT_OPTIMIZATION_LEVEL = "-Onone";
			};
			name = Debug;
		};
		1F4F442A1DC6E64700290C45 /* Release */ = {
			isa = XCBuildConfiguration;
			buildSettings = {
				ALWAYS_SEARCH_USER_PATHS = NO;
				CLANG_ANALYZER_NONNULL = YES;
				CLANG_CXX_LANGUAGE_STANDARD = "gnu++0x";
				CLANG_CXX_LIBRARY = "libc++";
				CLANG_ENABLE_MODULES = YES;
				CLANG_ENABLE_OBJC_ARC = YES;
				CLANG_WARN_BOOL_CONVERSION = YES;
				CLANG_WARN_CONSTANT_CONVERSION = YES;
				CLANG_WARN_DIRECT_OBJC_ISA_USAGE = YES_ERROR;
				CLANG_WARN_DOCUMENTATION_COMMENTS = YES;
				CLANG_WARN_EMPTY_BODY = YES;
				CLANG_WARN_ENUM_CONVERSION = YES;
				CLANG_WARN_INFINITE_RECURSION = YES;
				CLANG_WARN_INT_CONVERSION = YES;
				CLANG_WARN_OBJC_ROOT_CLASS = YES_ERROR;
				CLANG_WARN_SUSPICIOUS_MOVES = YES;
				CLANG_WARN_UNREACHABLE_CODE = YES;
				CLANG_WARN__DUPLICATE_METHOD_MATCH = YES;
				"CODE_SIGN_IDENTITY[sdk=iphoneos*]" = "iPhone Developer";
				COPY_PHASE_STRIP = NO;
				DEBUG_INFORMATION_FORMAT = "dwarf-with-dsym";
				ENABLE_NS_ASSERTIONS = NO;
				ENABLE_STRICT_OBJC_MSGSEND = YES;
				GCC_C_LANGUAGE_STANDARD = gnu99;
				GCC_NO_COMMON_BLOCKS = YES;
				GCC_WARN_64_TO_32_BIT_CONVERSION = YES;
				GCC_WARN_ABOUT_RETURN_TYPE = YES_ERROR;
				GCC_WARN_UNDECLARED_SELECTOR = YES;
				GCC_WARN_UNINITIALIZED_AUTOS = YES_AGGRESSIVE;
				GCC_WARN_UNUSED_FUNCTION = YES;
				GCC_WARN_UNUSED_VARIABLE = YES;
				IPHONEOS_DEPLOYMENT_TARGET = 10.0;
				MTL_ENABLE_DEBUG_INFO = NO;
				SDKROOT = iphoneos;
				SWIFT_OPTIMIZATION_LEVEL = "-Owholemodule";
				VALIDATE_PRODUCT = YES;
			};
			name = Release;
		};
		1F4F442C1DC6E64700290C45 /* Debug */ = {
			isa = XCBuildConfiguration;
			buildSettings = {
				ASSETCATALOG_COMPILER_APPICON_NAME = AppIcon;
				INFOPLIST_FILE = ReproductorMusica/Info.plist;
				LD_RUNPATH_SEARCH_PATHS = "$(inherited) @executable_path/Frameworks";
				PRODUCT_BUNDLE_IDENTIFIER = brtmbl.com.ReproductorMusica;
				PRODUCT_NAME = "$(TARGET_NAME)";
				SWIFT_VERSION = 3.0;
			};
			name = Debug;
		};
		1F4F442D1DC6E64700290C45 /* Release */ = {
			isa = XCBuildConfiguration;
			buildSettings = {
				ASSETCATALOG_COMPILER_APPICON_NAME = AppIcon;
				INFOPLIST_FILE = ReproductorMusica/Info.plist;
				LD_RUNPATH_SEARCH_PATHS = "$(inherited) @executable_path/Frameworks";
				PRODUCT_BUNDLE_IDENTIFIER = brtmbl.com.ReproductorMusica;
				PRODUCT_NAME = "$(TARGET_NAME)";
				SWIFT_VERSION = 3.0;
			};
			name = Release;
		};
		1F4F442F1DC6E64700290C45 /* Debug */ = {
			isa = XCBuildConfiguration;
			buildSettings = {
				ALWAYS_EMBED_SWIFT_STANDARD_LIBRARIES = YES;
				BUNDLE_LOADER = "$(TEST_HOST)";
				INFOPLIST_FILE = ReproductorMusicaTests/Info.plist;
				LD_RUNPATH_SEARCH_PATHS = "$(inherited) @executable_path/Frameworks @loader_path/Frameworks";
				PRODUCT_BUNDLE_IDENTIFIER = brtmbl.com.ReproductorMusicaTests;
				PRODUCT_NAME = "$(TARGET_NAME)";
				SWIFT_VERSION = 3.0;
				TEST_HOST = "$(BUILT_PRODUCTS_DIR)/ReproductorMusica.app/ReproductorMusica";
			};
			name = Debug;
		};
		1F4F44301DC6E64700290C45 /* Release */ = {
			isa = XCBuildConfiguration;
			buildSettings = {
				ALWAYS_EMBED_SWIFT_STANDARD_LIBRARIES = YES;
				BUNDLE_LOADER = "$(TEST_HOST)";
				INFOPLIST_FILE = ReproductorMusicaTests/Info.plist;
				LD_RUNPATH_SEARCH_PATHS = "$(inherited) @executable_path/Frameworks @loader_path/Frameworks";
				PRODUCT_BUNDLE_IDENTIFIER = brtmbl.com.ReproductorMusicaTests;
				PRODUCT_NAME = "$(TARGET_NAME)";
				SWIFT_VERSION = 3.0;
				TEST_HOST = "$(BUILT_PRODUCTS_DIR)/ReproductorMusica.app/ReproductorMusica";
			};
			name = Release;
		};
		1F4F44321DC6E64700290C45 /* Debug */ = {
			isa = XCBuildConfiguration;
			buildSettings = {
				ALWAYS_EMBED_SWIFT_STANDARD_LIBRARIES = YES;
				INFOPLIST_FILE = ReproductorMusicaUITests/Info.plist;
				LD_RUNPATH_SEARCH_PATHS = "$(inherited) @executable_path/Frameworks @loader_path/Frameworks";
				PRODUCT_BUNDLE_IDENTIFIER = brtmbl.com.ReproductorMusicaUITests;
				PRODUCT_NAME = "$(TARGET_NAME)";
				SWIFT_VERSION = 3.0;
				TEST_TARGET_NAME = ReproductorMusica;
			};
			name = Debug;
		};
		1F4F44331DC6E64700290C45 /* Release */ = {
			isa = XCBuildConfiguration;
			buildSettings = {
				ALWAYS_EMBED_SWIFT_STANDARD_LIBRARIES = YES;
				INFOPLIST_FILE = ReproductorMusicaUITests/Info.plist;
				LD_RUNPATH_SEARCH_PATHS = "$(inherited) @executable_path/Frameworks @loader_path/Frameworks";
				PRODUCT_BUNDLE_IDENTIFIER = brtmbl.com.ReproductorMusicaUITests;
				PRODUCT_NAME = "$(TARGET_NAME)";
				SWIFT_VERSION = 3.0;
				TEST_TARGET_NAME = ReproductorMusica;
			};
			name = Release;
		};
/* End XCBuildConfiguration section */

/* Begin XCConfigurationList section */
		1F4F43FE1DC6E64600290C45 /* Build configuration list for PBXProject "ReproductorMusica" */ = {
			isa = XCConfigurationList;
			buildConfigurations = (
				1F4F44291DC6E64700290C45 /* Debug */,
				1F4F442A1DC6E64700290C45 /* Release */,
			);
			defaultConfigurationIsVisible = 0;
			defaultConfigurationName = Release;
		};
		1F4F442B1DC6E64700290C45 /* Build configuration list for PBXNativeTarget "ReproductorMusica" */ = {
			isa = XCConfigurationList;
			buildConfigurations = (
				1F4F442C1DC6E64700290C45 /* Debug */,
				1F4F442D1DC6E64700290C45 /* Release */,
			);
			defaultConfigurationIsVisible = 0;
		};
		1F4F442E1DC6E64700290C45 /* Build configuration list for PBXNativeTarget "ReproductorMusicaTests" */ = {
			isa = XCConfigurationList;
			buildConfigurations = (
				1F4F442F1DC6E64700290C45 /* Debug */,
				1F4F44301DC6E64700290C45 /* Release */,
			);
			defaultConfigurationIsVisible = 0;
		};
		1F4F44311DC6E64700290C45 /* Build configuration list for PBXNativeTarget "ReproductorMusicaUITests" */ = {
			isa = XCConfigurationList;
			buildConfigurations = (
				1F4F44321DC6E64700290C45 /* Debug */,
				1F4F44331DC6E64700290C45 /* Release */,
			);
			defaultConfigurationIsVisible = 0;
		};
/* End XCConfigurationList section */
	};
	rootObject = 1F4F43FB1DC6E64600290C45 /* Project object */;
}
